
Microsoft Visual Studio Solution File, Format Version 12.00
# Visual Studio Version 16
VisualStudioVersion = 16.0.29025.244
MinimumVisualStudioVersion = 10.0.40219.1
Project("{FAE04EC0-301F-11D3-BF4B-00C04F79EFBC}") = "RestEmployeeDetails", "RestEmployeeDetails\RestEmployeeDetails.csproj", "{4D7BC324-2DC5-4FC7-BDB9-78F3492A9DD3}"
EndProject
Global
	GlobalSection(SolutionConfigurationPlatforms) = preSolution
		Debug|Any CPU = Debug|Any CPU
		Release|Any CPU = Release|Any CPU
	EndGlobalSection
	GlobalSection(ProjectConfigurationPlatforms) = postSolution
		{4D7BC324-2DC5-4FC7-BDB9-78F3492A9DD3}.Debug|Any CPU.ActiveCfg = Debug|Any CPU
		{4D7BC324-2DC5-4FC7-BDB9-78F3492A9DD3}.Debug|Any CPU.Build.0 = Debug|Any CPU
		{4D7BC324-2DC5-4FC7-BDB9-78F3492A9DD3}.Release|Any CPU.ActiveCfg = Release|Any CPU
		{4D7BC324-2DC5-4FC7-BDB9-78F3492A9DD3}.Release|Any CPU.Build.0 = Release|Any CPU
	EndGlobalSection
	GlobalSection(SolutionProperties) = preSolution
		HideSolutionNode = FALSE
	EndGlobalSection
	GlobalSection(ExtensibilityGlobals) = postSolution
		SolutionGuid = {963A99FA-7908-4CB4-969B-BF920DFDF0F1}
	EndGlobalSection
EndGlobal
