
Microsoft Visual Studio Solution File, Format Version 12.00
# Visual Studio Version 16
VisualStudioVersion = 16.0.29025.244
MinimumVisualStudioVersion = 10.0.40219.1
Project("{FAE04EC0-301F-11D3-BF4B-00C04F79EFBC}") = "EmployeeDetailsMVC", "EmployeeDetailsMVC\EmployeeDetailsMVC.csproj", "{D9FA2351-E86E-4CC1-9ED7-6D583EA04933}"
EndProject
Global
	GlobalSection(SolutionConfigurationPlatforms) = preSolution
		Debug|Any CPU = Debug|Any CPU
		Release|Any CPU = Release|Any CPU
	EndGlobalSection
	GlobalSection(ProjectConfigurationPlatforms) = postSolution
		{D9FA2351-E86E-4CC1-9ED7-6D583EA04933}.Debug|Any CPU.ActiveCfg = Debug|Any CPU
		{D9FA2351-E86E-4CC1-9ED7-6D583EA04933}.Debug|Any CPU.Build.0 = Debug|Any CPU
		{D9FA2351-E86E-4CC1-9ED7-6D583EA04933}.Release|Any CPU.ActiveCfg = Release|Any CPU
		{D9FA2351-E86E-4CC1-9ED7-6D583EA04933}.Release|Any CPU.Build.0 = Release|Any CPU
	EndGlobalSection
	GlobalSection(SolutionProperties) = preSolution
		HideSolutionNode = FALSE
	EndGlobalSection
	GlobalSection(ExtensibilityGlobals) = postSolution
		SolutionGuid = {2AAE3964-727B-47CA-9036-E9F198B668A5}
	EndGlobalSection
EndGlobal
